{
  "nodes": {
    "nixpkgs": {
      "locked": {
        "lastModified": 1783549019,
        "narHash": "sha256-0XnckG4ZhBmAsYa9mLuEIFowBG0fDGPLHduQGsbMS4A=",
        "owner": "NixOS",
        "repo": "nixpkgs",
        "rev": "74cc63f702f7d60a557e152a57b40fb1fd0f72ac",
        "type": "github"
      },
      "original": {
        "owner": "NixOS",
        "ref": "nixos-26.05",
        "repo": "nixpkgs",
        "type": "github"
      }
    },
    "nixpkgs-unstable": {
      "locked": {
        "lastModified": 1783604885,
        "narHash": "sha256-tzMgSkV7kljEkqIjlgV6F+n+xD+/a35Db8bs7a4BFAo=",
        "owner": "NixOS",
        "repo": "nixpkgs",
        "rev": "767b0d3ec98a143ad9ed7dfc0d5553510ac27133",
        "type": "github"
      },
      "original": {
        "owner": "NixOS",
        "ref": "nixpkgs-unstable",
        "repo": "nixpkgs",
        "type": "github"
      }
    },
    "root": {
      "inputs": {
        "nixpkgs": "nixpkgs",
        "nixpkgs-unstable": "nixpkgs-unstable"
      }
    }
  },
  "root": "root",
  "version": 7
}
