{
  "nodes": {
    "nixpkgs": {
      "locked": {
        "lastModified": 1783856661,
        "narHash": "sha256-ZGP04e+Q6WyQJGA9ZvI5CL6+heGQldbAG9U1T9NGvmU=",
        "owner": "NixOS",
        "repo": "nixpkgs",
        "rev": "569d578509928497eddc3fdbf94a799027050be4",
        "type": "github"
      },
      "original": {
        "owner": "NixOS",
        "ref": "nixos-26.05",
        "repo": "nixpkgs",
        "type": "github"
      }
    },
    "nixpkgs-unstable": {
      "locked": {
        "lastModified": 1783850910,
        "narHash": "sha256-iFzhjgVJSYjDVHURsChgxIQlnw4HCdol3ftw/5XoRFM=",
        "owner": "NixOS",
        "repo": "nixpkgs",
        "rev": "2db6e73b5d66ffd9d4c203f065d676f9a1eabbd2",
        "type": "github"
      },
      "original": {
        "owner": "NixOS",
        "ref": "nixpkgs-unstable",
        "repo": "nixpkgs",
        "type": "github"
      }
    },
    "root": {
      "inputs": {
        "nixpkgs": "nixpkgs",
        "nixpkgs-unstable": "nixpkgs-unstable"
      }
    }
  },
  "root": "root",
  "version": 7
}
