{
  "nodes": {
    "nixpkgs": {
      "locked": {
        "lastModified": 1786535285,
        "narHash": "sha256-rG5HKMAgAhMgydvKGtco6rqTxRq4EDZQCx9USLvVqYw=",
        "owner": "NixOS",
        "repo": "nixpkgs",
        "rev": "9f78f44a87948854445dae0b6bf82b2e87e4efb5",
        "type": "github"
      },
      "original": {
        "owner": "NixOS",
        "ref": "nixos-26.05",
        "repo": "nixpkgs",
        "type": "github"
      }
    },
    "nixpkgs-unstable": {
      "locked": {
        "lastModified": 1786410043,
        "narHash": "sha256-JTbODJPDcd3d8U7lO4MVUU3Yo0jz2KQSAHXka+IWBEo=",
        "owner": "NixOS",
        "repo": "nixpkgs",
        "rev": "8e2eeb9477c9d40009a5bd51cd3eef2f5abb26f1",
        "type": "github"
      },
      "original": {
        "owner": "NixOS",
        "ref": "nixpkgs-unstable",
        "repo": "nixpkgs",
        "type": "github"
      }
    },
    "root": {
      "inputs": {
        "nixpkgs": "nixpkgs",
        "nixpkgs-unstable": "nixpkgs-unstable"
      }
    }
  },
  "root": "root",
  "version": 7
}
